
Microsoft Visual Studio Solution File, Format Version 12.00
# Visual Studio 15
VisualStudioVersion = 15.0.28010.2046
MinimumVisualStudioVersion = 10.0.40219.1
Project("{FAE04EC0-301F-11D3-BF4B-00C04F79EFBC}") = "Perchoon.Android", "Perchoon\Perchoon.Android\Perchoon.Android.csproj", "{4164ADB0-771E-4F95-AB89-5F7FAAEA4C1E}"
EndProject
Project("{FAE04EC0-301F-11D3-BF4B-00C04F79EFBC}") = "Perchoon.iOS", "Perchoon\Perchoon.iOS\Perchoon.iOS.csproj", "{0747D339-87D4-4312-B2F9-C76E7D1C41A2}"
EndProject
Project("{9A19103F-16F7-4668-BE54-9A1E7A4F7556}") = "Perchoon", "Perchoon\Perchoon\Perchoon.csproj", "{FDDD2CCC-D184-479D-B0A8-1BE51FEF62B6}"
EndProject
Project("{FAE04EC0-301F-11D3-BF4B-00C04F79EFBC}") = "PerchoonWebService", "PerchoonWebService\PerchoonWebService.csproj", "{5E0D2555-E4A0-4C15-BF5C-141146C5CA2E}"
EndProject
Project("{FAE04EC0-301F-11D3-BF4B-00C04F79EFBC}") = "PerchoonWebApp", "PerchoonWebApp\PerchoonWebApp.csproj", "{38AF221C-A275-4E01-9320-AF085467850A}"
	ProjectSection(ProjectDependencies) = postProject
		{5E0D2555-E4A0-4C15-BF5C-141146C5CA2E} = {5E0D2555-E4A0-4C15-BF5C-141146C5CA2E}
	EndProjectSection
EndProject
Global
	GlobalSection(SolutionConfigurationPlatforms) = preSolution
		Ad-Hoc|Any CPU = Ad-Hoc|Any CPU
		Ad-Hoc|iPhone = Ad-Hoc|iPhone
		Ad-Hoc|iPhoneSimulator = Ad-Hoc|iPhoneSimulator
		AppStore|Any CPU = AppStore|Any CPU
		AppStore|iPhone = AppStore|iPhone
		AppStore|iPhoneSimulator = AppStore|iPhoneSimulator
		Debug|Any CPU = Debug|Any CPU
		Debug|iPhone = Debug|iPhone
		Debug|iPhoneSimulator = Debug|iPhoneSimulator
		Release|Any CPU = Release|Any CPU
		Release|iPhone = Release|iPhone
		Release|iPhoneSimulator = Release|iPhoneSimulator
	EndGlobalSection
	GlobalSection(ProjectConfigurationPlatforms) = postSolution
		{4164ADB0-771E-4F95-AB89-5F7FAAEA4C1E}.Ad-Hoc|Any CPU.ActiveCfg = Release|Any CPU
		{4164ADB0-771E-4F95-AB89-5F7FAAEA4C1E}.Ad-Hoc|Any CPU.Build.0 = Release|Any CPU
		{4164ADB0-771E-4F95-AB89-5F7FAAEA4C1E}.Ad-Hoc|Any CPU.Deploy.0 = Release|Any CPU
		{4164ADB0-771E-4F95-AB89-5F7FAAEA4C1E}.Ad-Hoc|iPhone.ActiveCfg = Release|Any CPU
		{4164ADB0-771E-4F95-AB89-5F7FAAEA4C1E}.Ad-Hoc|iPhone.Build.0 = Release|Any CPU
		{4164ADB0-771E-4F95-AB89-5F7FAAEA4C1E}.Ad-Hoc|iPhone.Deploy.0 = Release|Any CPU
		{4164ADB0-771E-4F95-AB89-5F7FAAEA4C1E}.Ad-Hoc|iPhoneSimulator.ActiveCfg = Release|Any CPU
		{4164ADB0-771E-4F95-AB89-5F7FAAEA4C1E}.Ad-Hoc|iPhoneSimulator.Build.0 = Release|Any CPU
		{4164ADB0-771E-4F95-AB89-5F7FAAEA4C1E}.Ad-Hoc|iPhoneSimulator.Deploy.0 = Release|Any CPU
		{4164ADB0-771E-4F95-AB89-5F7FAAEA4C1E}.AppStore|Any CPU.ActiveCfg = Release|Any CPU
		{4164ADB0-771E-4F95-AB89-5F7FAAEA4C1E}.AppStore|Any CPU.Build.0 = Release|Any CPU
		{4164ADB0-771E-4F95-AB89-5F7FAAEA4C1E}.AppStore|Any CPU.Deploy.0 = Release|Any CPU
		{4164ADB0-771E-4F95-AB89-5F7FAAEA4C1E}.AppStore|iPhone.ActiveCfg = Release|Any CPU
		{4164ADB0-771E-4F95-AB89-5F7FAAEA4C1E}.AppStore|iPhone.Build.0 = Release|Any CPU
		{4164ADB0-771E-4F95-AB89-5F7FAAEA4C1E}.AppStore|iPhone.Deploy.0 = Release|Any CPU
		{4164ADB0-771E-4F95-AB89-5F7FAAEA4C1E}.AppStore|iPhoneSimulator.ActiveCfg = Release|Any CPU
		{4164ADB0-771E-4F95-AB89-5F7FAAEA4C1E}.AppStore|iPhoneSimulator.Build.0 = Release|Any CPU
		{4164ADB0-771E-4F95-AB89-5F7FAAEA4C1E}.AppStore|iPhoneSimulator.Deploy.0 = Release|Any CPU
		{4164ADB0-771E-4F95-AB89-5F7FAAEA4C1E}.Debug|Any CPU.ActiveCfg = Debug|Any CPU
		{4164ADB0-771E-4F95-AB89-5F7FAAEA4C1E}.Debug|Any CPU.Build.0 = Debug|Any CPU
		{4164ADB0-771E-4F95-AB89-5F7FAAEA4C1E}.Debug|Any CPU.Deploy.0 = Debug|Any CPU
		{4164ADB0-771E-4F95-AB89-5F7FAAEA4C1E}.Debug|iPhone.ActiveCfg = Debug|Any CPU
		{4164ADB0-771E-4F95-AB89-5F7FAAEA4C1E}.Debug|iPhone.Build.0 = Debug|Any CPU
		{4164ADB0-771E-4F95-AB89-5F7FAAEA4C1E}.Debug|iPhone.Deploy.0 = Debug|Any CPU
		{4164ADB0-771E-4F95-AB89-5F7FAAEA4C1E}.Debug|iPhoneSimulator.ActiveCfg = Debug|Any CPU
		{4164ADB0-771E-4F95-AB89-5F7FAAEA4C1E}.Debug|iPhoneSimulator.Build.0 = Debug|Any CPU
		{4164ADB0-771E-4F95-AB89-5F7FAAEA4C1E}.Debug|iPhoneSimulator.Deploy.0 = Debug|Any CPU
		{4164ADB0-771E-4F95-AB89-5F7FAAEA4C1E}.Release|Any CPU.ActiveCfg = Release|Any CPU
		{4164ADB0-771E-4F95-AB89-5F7FAAEA4C1E}.Release|Any CPU.Build.0 = Release|Any CPU
		{4164ADB0-771E-4F95-AB89-5F7FAAEA4C1E}.Release|Any CPU.Deploy.0 = Release|Any CPU
		{4164ADB0-771E-4F95-AB89-5F7FAAEA4C1E}.Release|iPhone.ActiveCfg = Release|Any CPU
		{4164ADB0-771E-4F95-AB89-5F7FAAEA4C1E}.Release|iPhone.Build.0 = Release|Any CPU
		{4164ADB0-771E-4F95-AB89-5F7FAAEA4C1E}.Release|iPhone.Deploy.0 = Release|Any CPU
		{4164ADB0-771E-4F95-AB89-5F7FAAEA4C1E}.Release|iPhoneSimulator.ActiveCfg = Release|Any CPU
		{4164ADB0-771E-4F95-AB89-5F7FAAEA4C1E}.Release|iPhoneSimulator.Build.0 = Release|Any CPU
		{4164ADB0-771E-4F95-AB89-5F7FAAEA4C1E}.Release|iPhoneSimulator.Deploy.0 = Release|Any CPU
		{0747D339-87D4-4312-B2F9-C76E7D1C41A2}.Ad-Hoc|Any CPU.ActiveCfg = Ad-Hoc|iPhone
		{0747D339-87D4-4312-B2F9-C76E7D1C41A2}.Ad-Hoc|Any CPU.Build.0 = Ad-Hoc|iPhone
		{0747D339-87D4-4312-B2F9-C76E7D1C41A2}.Ad-Hoc|Any CPU.Deploy.0 = Ad-Hoc|iPhone
		{0747D339-87D4-4312-B2F9-C76E7D1C41A2}.Ad-Hoc|iPhone.ActiveCfg = Ad-Hoc|iPhone
		{0747D339-87D4-4312-B2F9-C76E7D1C41A2}.Ad-Hoc|iPhone.Build.0 = Ad-Hoc|iPhone
		{0747D339-87D4-4312-B2F9-C76E7D1C41A2}.Ad-Hoc|iPhone.Deploy.0 = Ad-Hoc|iPhone
		{0747D339-87D4-4312-B2F9-C76E7D1C41A2}.Ad-Hoc|iPhoneSimulator.ActiveCfg = Ad-Hoc|iPhoneSimulator
		{0747D339-87D4-4312-B2F9-C76E7D1C41A2}.Ad-Hoc|iPhoneSimulator.Build.0 = Ad-Hoc|iPhoneSimulator
		{0747D339-87D4-4312-B2F9-C76E7D1C41A2}.Ad-Hoc|iPhoneSimulator.Deploy.0 = Ad-Hoc|iPhoneSimulator
		{0747D339-87D4-4312-B2F9-C76E7D1C41A2}.AppStore|Any CPU.ActiveCfg = AppStore|iPhone
		{0747D339-87D4-4312-B2F9-C76E7D1C41A2}.AppStore|Any CPU.Build.0 = AppStore|iPhone
		{0747D339-87D4-4312-B2F9-C76E7D1C41A2}.AppStore|Any CPU.Deploy.0 = AppStore|iPhone
		{0747D339-87D4-4312-B2F9-C76E7D1C41A2}.AppStore|iPhone.ActiveCfg = AppStore|iPhone
		{0747D339-87D4-4312-B2F9-C76E7D1C41A2}.AppStore|iPhone.Build.0 = AppStore|iPhone
		{0747D339-87D4-4312-B2F9-C76E7D1C41A2}.AppStore|iPhone.Deploy.0 = AppStore|iPhone
		{0747D339-87D4-4312-B2F9-C76E7D1C41A2}.AppStore|iPhoneSimulator.ActiveCfg = AppStore|iPhoneSimulator
		{0747D339-87D4-4312-B2F9-C76E7D1C41A2}.AppStore|iPhoneSimulator.Build.0 = AppStore|iPhoneSimulator
		{0747D339-87D4-4312-B2F9-C76E7D1C41A2}.AppStore|iPhoneSimulator.Deploy.0 = AppStore|iPhoneSimulator
		{0747D339-87D4-4312-B2F9-C76E7D1C41A2}.Debug|Any CPU.ActiveCfg = Debug|iPhoneSimulator
		{0747D339-87D4-4312-B2F9-C76E7D1C41A2}.Debug|Any CPU.Build.0 = Debug|iPhoneSimulator
		{0747D339-87D4-4312-B2F9-C76E7D1C41A2}.Debug|Any CPU.Deploy.0 = Debug|iPhoneSimulator
		{0747D339-87D4-4312-B2F9-C76E7D1C41A2}.Debug|iPhone.ActiveCfg = Debug|iPhone
		{0747D339-87D4-4312-B2F9-C76E7D1C41A2}.Debug|iPhone.Build.0 = Debug|iPhone
		{0747D339-87D4-4312-B2F9-C76E7D1C41A2}.Debug|iPhone.Deploy.0 = Debug|iPhone
		{0747D339-87D4-4312-B2F9-C76E7D1C41A2}.Debug|iPhoneSimulator.ActiveCfg = Debug|iPhoneSimulator
		{0747D339-87D4-4312-B2F9-C76E7D1C41A2}.Debug|iPhoneSimulator.Build.0 = Debug|iPhoneSimulator
		{0747D339-87D4-4312-B2F9-C76E7D1C41A2}.Debug|iPhoneSimulator.Deploy.0 = Debug|iPhoneSimulator
		{0747D339-87D4-4312-B2F9-C76E7D1C41A2}.Release|Any CPU.ActiveCfg = Release|iPhone
		{0747D339-87D4-4312-B2F9-C76E7D1C41A2}.Release|Any CPU.Build.0 = Release|iPhone
		{0747D339-87D4-4312-B2F9-C76E7D1C41A2}.Release|Any CPU.Deploy.0 = Release|iPhone
		{0747D339-87D4-4312-B2F9-C76E7D1C41A2}.Release|iPhone.ActiveCfg = Release|iPhone
		{0747D339-87D4-4312-B2F9-C76E7D1C41A2}.Release|iPhone.Build.0 = Release|iPhone
		{0747D339-87D4-4312-B2F9-C76E7D1C41A2}.Release|iPhone.Deploy.0 = Release|iPhone
		{0747D339-87D4-4312-B2F9-C76E7D1C41A2}.Release|iPhoneSimulator.ActiveCfg = Release|iPhoneSimulator
		{0747D339-87D4-4312-B2F9-C76E7D1C41A2}.Release|iPhoneSimulator.Build.0 = Release|iPhoneSimulator
		{0747D339-87D4-4312-B2F9-C76E7D1C41A2}.Release|iPhoneSimulator.Deploy.0 = Release|iPhoneSimulator
		{FDDD2CCC-D184-479D-B0A8-1BE51FEF62B6}.Ad-Hoc|Any CPU.ActiveCfg = Debug|Any CPU
		{FDDD2CCC-D184-479D-B0A8-1BE51FEF62B6}.Ad-Hoc|Any CPU.Build.0 = Debug|Any CPU
		{FDDD2CCC-D184-479D-B0A8-1BE51FEF62B6}.Ad-Hoc|Any CPU.Deploy.0 = Debug|Any CPU
		{FDDD2CCC-D184-479D-B0A8-1BE51FEF62B6}.Ad-Hoc|iPhone.ActiveCfg = Debug|Any CPU
		{FDDD2CCC-D184-479D-B0A8-1BE51FEF62B6}.Ad-Hoc|iPhone.Build.0 = Debug|Any CPU
		{FDDD2CCC-D184-479D-B0A8-1BE51FEF62B6}.Ad-Hoc|iPhone.Deploy.0 = Debug|Any CPU
		{FDDD2CCC-D184-479D-B0A8-1BE51FEF62B6}.Ad-Hoc|iPhoneSimulator.ActiveCfg = Debug|Any CPU
		{FDDD2CCC-D184-479D-B0A8-1BE51FEF62B6}.Ad-Hoc|iPhoneSimulator.Build.0 = Debug|Any CPU
		{FDDD2CCC-D184-479D-B0A8-1BE51FEF62B6}.Ad-Hoc|iPhoneSimulator.Deploy.0 = Debug|Any CPU
		{FDDD2CCC-D184-479D-B0A8-1BE51FEF62B6}.AppStore|Any CPU.ActiveCfg = Debug|Any CPU
		{FDDD2CCC-D184-479D-B0A8-1BE51FEF62B6}.AppStore|Any CPU.Build.0 = Debug|Any CPU
		{FDDD2CCC-D184-479D-B0A8-1BE51FEF62B6}.AppStore|Any CPU.Deploy.0 = Debug|Any CPU
		{FDDD2CCC-D184-479D-B0A8-1BE51FEF62B6}.AppStore|iPhone.ActiveCfg = Debug|Any CPU
		{FDDD2CCC-D184-479D-B0A8-1BE51FEF62B6}.AppStore|iPhone.Build.0 = Debug|Any CPU
		{FDDD2CCC-D184-479D-B0A8-1BE51FEF62B6}.AppStore|iPhone.Deploy.0 = Debug|Any CPU
		{FDDD2CCC-D184-479D-B0A8-1BE51FEF62B6}.AppStore|iPhoneSimulator.ActiveCfg = Debug|Any CPU
		{FDDD2CCC-D184-479D-B0A8-1BE51FEF62B6}.AppStore|iPhoneSimulator.Build.0 = Debug|Any CPU
		{FDDD2CCC-D184-479D-B0A8-1BE51FEF62B6}.AppStore|iPhoneSimulator.Deploy.0 = Debug|Any CPU
		{FDDD2CCC-D184-479D-B0A8-1BE51FEF62B6}.Debug|Any CPU.ActiveCfg = Debug|Any CPU
		{FDDD2CCC-D184-479D-B0A8-1BE51FEF62B6}.Debug|Any CPU.Build.0 = Debug|Any CPU
		{FDDD2CCC-D184-479D-B0A8-1BE51FEF62B6}.Debug|Any CPU.Deploy.0 = Debug|Any CPU
		{FDDD2CCC-D184-479D-B0A8-1BE51FEF62B6}.Debug|iPhone.ActiveCfg = Debug|Any CPU
		{FDDD2CCC-D184-479D-B0A8-1BE51FEF62B6}.Debug|iPhone.Build.0 = Debug|Any CPU
		{FDDD2CCC-D184-479D-B0A8-1BE51FEF62B6}.Debug|iPhone.Deploy.0 = Debug|Any CPU
		{FDDD2CCC-D184-479D-B0A8-1BE51FEF62B6}.Debug|iPhoneSimulator.ActiveCfg = Debug|Any CPU
		{FDDD2CCC-D184-479D-B0A8-1BE51FEF62B6}.Debug|iPhoneSimulator.Build.0 = Debug|Any CPU
		{FDDD2CCC-D184-479D-B0A8-1BE51FEF62B6}.Debug|iPhoneSimulator.Deploy.0 = Debug|Any CPU
		{FDDD2CCC-D184-479D-B0A8-1BE51FEF62B6}.Release|Any CPU.ActiveCfg = Release|Any CPU
		{FDDD2CCC-D184-479D-B0A8-1BE51FEF62B6}.Release|Any CPU.Build.0 = Release|Any CPU
		{FDDD2CCC-D184-479D-B0A8-1BE51FEF62B6}.Release|Any CPU.Deploy.0 = Release|Any CPU
		{FDDD2CCC-D184-479D-B0A8-1BE51FEF62B6}.Release|iPhone.ActiveCfg = Release|Any CPU
		{FDDD2CCC-D184-479D-B0A8-1BE51FEF62B6}.Release|iPhone.Build.0 = Release|Any CPU
		{FDDD2CCC-D184-479D-B0A8-1BE51FEF62B6}.Release|iPhone.Deploy.0 = Release|Any CPU
		{FDDD2CCC-D184-479D-B0A8-1BE51FEF62B6}.Release|iPhoneSimulator.ActiveCfg = Release|Any CPU
		{FDDD2CCC-D184-479D-B0A8-1BE51FEF62B6}.Release|iPhoneSimulator.Build.0 = Release|Any CPU
		{FDDD2CCC-D184-479D-B0A8-1BE51FEF62B6}.Release|iPhoneSimulator.Deploy.0 = Release|Any CPU
		{5E0D2555-E4A0-4C15-BF5C-141146C5CA2E}.Ad-Hoc|Any CPU.ActiveCfg = Release|Any CPU
		{5E0D2555-E4A0-4C15-BF5C-141146C5CA2E}.Ad-Hoc|Any CPU.Build.0 = Release|Any CPU
		{5E0D2555-E4A0-4C15-BF5C-141146C5CA2E}.Ad-Hoc|iPhone.ActiveCfg = Release|Any CPU
		{5E0D2555-E4A0-4C15-BF5C-141146C5CA2E}.Ad-Hoc|iPhone.Build.0 = Release|Any CPU
		{5E0D2555-E4A0-4C15-BF5C-141146C5CA2E}.Ad-Hoc|iPhoneSimulator.ActiveCfg = Release|Any CPU
		{5E0D2555-E4A0-4C15-BF5C-141146C5CA2E}.Ad-Hoc|iPhoneSimulator.Build.0 = Release|Any CPU
		{5E0D2555-E4A0-4C15-BF5C-141146C5CA2E}.AppStore|Any CPU.ActiveCfg = Release|Any CPU
		{5E0D2555-E4A0-4C15-BF5C-141146C5CA2E}.AppStore|Any CPU.Build.0 = Release|Any CPU
		{5E0D2555-E4A0-4C15-BF5C-141146C5CA2E}.AppStore|iPhone.ActiveCfg = Release|Any CPU
		{5E0D2555-E4A0-4C15-BF5C-141146C5CA2E}.AppStore|iPhone.Build.0 = Release|Any CPU
		{5E0D2555-E4A0-4C15-BF5C-141146C5CA2E}.AppStore|iPhoneSimulator.ActiveCfg = Release|Any CPU
		{5E0D2555-E4A0-4C15-BF5C-141146C5CA2E}.AppStore|iPhoneSimulator.Build.0 = Release|Any CPU
		{5E0D2555-E4A0-4C15-BF5C-141146C5CA2E}.Debug|Any CPU.ActiveCfg = Debug|Any CPU
		{5E0D2555-E4A0-4C15-BF5C-141146C5CA2E}.Debug|Any CPU.Build.0 = Debug|Any CPU
		{5E0D2555-E4A0-4C15-BF5C-141146C5CA2E}.Debug|iPhone.ActiveCfg = Debug|Any CPU
		{5E0D2555-E4A0-4C15-BF5C-141146C5CA2E}.Debug|iPhone.Build.0 = Debug|Any CPU
		{5E0D2555-E4A0-4C15-BF5C-141146C5CA2E}.Debug|iPhoneSimulator.ActiveCfg = Debug|Any CPU
		{5E0D2555-E4A0-4C15-BF5C-141146C5CA2E}.Debug|iPhoneSimulator.Build.0 = Debug|Any CPU
		{5E0D2555-E4A0-4C15-BF5C-141146C5CA2E}.Release|Any CPU.ActiveCfg = Release|Any CPU
		{5E0D2555-E4A0-4C15-BF5C-141146C5CA2E}.Release|Any CPU.Build.0 = Release|Any CPU
		{5E0D2555-E4A0-4C15-BF5C-141146C5CA2E}.Release|iPhone.ActiveCfg = Release|Any CPU
		{5E0D2555-E4A0-4C15-BF5C-141146C5CA2E}.Release|iPhone.Build.0 = Release|Any CPU
		{5E0D2555-E4A0-4C15-BF5C-141146C5CA2E}.Release|iPhoneSimulator.ActiveCfg = Release|Any CPU
		{5E0D2555-E4A0-4C15-BF5C-141146C5CA2E}.Release|iPhoneSimulator.Build.0 = Release|Any CPU
		{38AF221C-A275-4E01-9320-AF085467850A}.Ad-Hoc|Any CPU.ActiveCfg = Release|Any CPU
		{38AF221C-A275-4E01-9320-AF085467850A}.Ad-Hoc|Any CPU.Build.0 = Release|Any CPU
		{38AF221C-A275-4E01-9320-AF085467850A}.Ad-Hoc|iPhone.ActiveCfg = Release|Any CPU
		{38AF221C-A275-4E01-9320-AF085467850A}.Ad-Hoc|iPhone.Build.0 = Release|Any CPU
		{38AF221C-A275-4E01-9320-AF085467850A}.Ad-Hoc|iPhoneSimulator.ActiveCfg = Release|Any CPU
		{38AF221C-A275-4E01-9320-AF085467850A}.Ad-Hoc|iPhoneSimulator.Build.0 = Release|Any CPU
		{38AF221C-A275-4E01-9320-AF085467850A}.AppStore|Any CPU.ActiveCfg = Release|Any CPU
		{38AF221C-A275-4E01-9320-AF085467850A}.AppStore|Any CPU.Build.0 = Release|Any CPU
		{38AF221C-A275-4E01-9320-AF085467850A}.AppStore|iPhone.ActiveCfg = Release|Any CPU
		{38AF221C-A275-4E01-9320-AF085467850A}.AppStore|iPhone.Build.0 = Release|Any CPU
		{38AF221C-A275-4E01-9320-AF085467850A}.AppStore|iPhoneSimulator.ActiveCfg = Release|Any CPU
		{38AF221C-A275-4E01-9320-AF085467850A}.AppStore|iPhoneSimulator.Build.0 = Release|Any CPU
		{38AF221C-A275-4E01-9320-AF085467850A}.Debug|Any CPU.ActiveCfg = Debug|Any CPU
		{38AF221C-A275-4E01-9320-AF085467850A}.Debug|Any CPU.Build.0 = Debug|Any CPU
		{38AF221C-A275-4E01-9320-AF085467850A}.Debug|iPhone.ActiveCfg = Debug|Any CPU
		{38AF221C-A275-4E01-9320-AF085467850A}.Debug|iPhone.Build.0 = Debug|Any CPU
		{38AF221C-A275-4E01-9320-AF085467850A}.Debug|iPhoneSimulator.ActiveCfg = Debug|Any CPU
		{38AF221C-A275-4E01-9320-AF085467850A}.Debug|iPhoneSimulator.Build.0 = Debug|Any CPU
		{38AF221C-A275-4E01-9320-AF085467850A}.Release|Any CPU.ActiveCfg = Release|Any CPU
		{38AF221C-A275-4E01-9320-AF085467850A}.Release|Any CPU.Build.0 = Release|Any CPU
		{38AF221C-A275-4E01-9320-AF085467850A}.Release|iPhone.ActiveCfg = Release|Any CPU
		{38AF221C-A275-4E01-9320-AF085467850A}.Release|iPhone.Build.0 = Release|Any CPU
		{38AF221C-A275-4E01-9320-AF085467850A}.Release|iPhoneSimulator.ActiveCfg = Release|Any CPU
		{38AF221C-A275-4E01-9320-AF085467850A}.Release|iPhoneSimulator.Build.0 = Release|Any CPU
	EndGlobalSection
	GlobalSection(SolutionProperties) = preSolution
		HideSolutionNode = FALSE
	EndGlobalSection
	GlobalSection(ExtensibilityGlobals) = postSolution
		SolutionGuid = {E8F3433F-FC96-4AB2-B666-9A03658174A8}
	EndGlobalSection
EndGlobal
